
Microsoft Visual Studio Solution File, Format Version 12.00
# Visual Studio Version 16
VisualStudioVersion = 16.0.30320.27
MinimumVisualStudioVersion = 10.0.40219.1
Project("{FAE04EC0-301F-11D3-BF4B-00C04F79EFBC}") = "Client", "Client.csproj", "{774BF5FB-93A0-43A3-AD65-5C746EE3B9CC}"
EndProject
Global
	GlobalSection(SolutionConfigurationPlatforms) = preSolution
		Debug|Any CPU = Debug|Any CPU
		Release|Any CPU = Release|Any CPU
	EndGlobalSection
	GlobalSection(ProjectConfigurationPlatforms) = postSolution
		{774BF5FB-93A0-43A3-AD65-5C746EE3B9CC}.Debug|Any CPU.ActiveCfg = Debug|Any CPU
		{774BF5FB-93A0-43A3-AD65-5C746EE3B9CC}.Debug|Any CPU.Build.0 = Debug|Any CPU
		{774BF5FB-93A0-43A3-AD65-5C746EE3B9CC}.Release|Any CPU.ActiveCfg = Release|Any CPU
		{774BF5FB-93A0-43A3-AD65-5C746EE3B9CC}.Release|Any CPU.Build.0 = Release|Any CPU
	EndGlobalSection
	GlobalSection(SolutionProperties) = preSolution
		HideSolutionNode = FALSE
	EndGlobalSection
	GlobalSection(ExtensibilityGlobals) = postSolution
		SolutionGuid = {50608557-1154-4E15-86A0-5DFC8E6FAB47}
	EndGlobalSection
EndGlobal
